
Microsoft Visual Studio Solution File, Format Version 12.00
# Visual Studio 14
VisualStudioVersion = 14.0.23107.0
MinimumVisualStudioVersion = 10.0.40219.1
Project("{F184B08F-C81C-45F6-A57F-5ABD9991F28F}") = "AplicacionVisualStudio2015Features", "WebApplication2\AplicacionVisualStudio2015Features.vbproj", "{70D14B9E-618B-4E2A-9B30-7DFFF243CE40}"
EndProject
Project("{F184B08F-C81C-45F6-A57F-5ABD9991F28F}") = "Negocio", "Negocio\Negocio.vbproj", "{BB2F0623-ABA8-4C1C-8A71-6362405F5653}"
EndProject
Project("{F184B08F-C81C-45F6-A57F-5ABD9991F28F}") = "Negocio_Tests", "Negocio_Tests\Negocio_Tests.vbproj", "{A0A350E0-9E30-4E6A-96DA-162A6644EEED}"
EndProject
Project("{F184B08F-C81C-45F6-A57F-5ABD9991F28F}") = "PruebasdeCarga_Tests", "PruebasdeCarga_Tests\PruebasdeCarga_Tests.vbproj", "{AF8D9DF6-D165-4A10-8C07-3779B2083E0A}"
EndProject
Project("{2150E333-8FDC-42A3-9474-1A3956D46DE8}") = "Solution Items", "Solution Items", "{8557AB8B-DF1F-43E5-BDFF-282567828258}"
	ProjectSection(SolutionItems) = preProject
		Local.testsettings = Local.testsettings
		Readme.txt = Readme.txt
	EndProjectSection
EndProject
Project("{F184B08F-C81C-45F6-A57F-5ABD9991F28F}") = "Model", "Model\Model.vbproj", "{C7728E5F-1715-4A51-A1A0-E9E6ACEAD09E}"
EndProject
Global
	GlobalSection(SolutionConfigurationPlatforms) = preSolution
		Debug|Any CPU = Debug|Any CPU
		Release|Any CPU = Release|Any CPU
	EndGlobalSection
	GlobalSection(ProjectConfigurationPlatforms) = postSolution
		{70D14B9E-618B-4E2A-9B30-7DFFF243CE40}.Debug|Any CPU.ActiveCfg = Debug|Any CPU
		{70D14B9E-618B-4E2A-9B30-7DFFF243CE40}.Debug|Any CPU.Build.0 = Debug|Any CPU
		{70D14B9E-618B-4E2A-9B30-7DFFF243CE40}.Release|Any CPU.ActiveCfg = Release|Any CPU
		{70D14B9E-618B-4E2A-9B30-7DFFF243CE40}.Release|Any CPU.Build.0 = Release|Any CPU
		{BB2F0623-ABA8-4C1C-8A71-6362405F5653}.Debug|Any CPU.ActiveCfg = Debug|Any CPU
		{BB2F0623-ABA8-4C1C-8A71-6362405F5653}.Debug|Any CPU.Build.0 = Debug|Any CPU
		{BB2F0623-ABA8-4C1C-8A71-6362405F5653}.Release|Any CPU.ActiveCfg = Release|Any CPU
		{BB2F0623-ABA8-4C1C-8A71-6362405F5653}.Release|Any CPU.Build.0 = Release|Any CPU
		{A0A350E0-9E30-4E6A-96DA-162A6644EEED}.Debug|Any CPU.ActiveCfg = Debug|Any CPU
		{A0A350E0-9E30-4E6A-96DA-162A6644EEED}.Debug|Any CPU.Build.0 = Debug|Any CPU
		{A0A350E0-9E30-4E6A-96DA-162A6644EEED}.Release|Any CPU.ActiveCfg = Release|Any CPU
		{A0A350E0-9E30-4E6A-96DA-162A6644EEED}.Release|Any CPU.Build.0 = Release|Any CPU
		{AF8D9DF6-D165-4A10-8C07-3779B2083E0A}.Debug|Any CPU.ActiveCfg = Debug|Any CPU
		{AF8D9DF6-D165-4A10-8C07-3779B2083E0A}.Debug|Any CPU.Build.0 = Debug|Any CPU
		{AF8D9DF6-D165-4A10-8C07-3779B2083E0A}.Release|Any CPU.ActiveCfg = Release|Any CPU
		{AF8D9DF6-D165-4A10-8C07-3779B2083E0A}.Release|Any CPU.Build.0 = Release|Any CPU
		{C7728E5F-1715-4A51-A1A0-E9E6ACEAD09E}.Debug|Any CPU.ActiveCfg = Debug|Any CPU
		{C7728E5F-1715-4A51-A1A0-E9E6ACEAD09E}.Debug|Any CPU.Build.0 = Debug|Any CPU
		{C7728E5F-1715-4A51-A1A0-E9E6ACEAD09E}.Release|Any CPU.ActiveCfg = Release|Any CPU
		{C7728E5F-1715-4A51-A1A0-E9E6ACEAD09E}.Release|Any CPU.Build.0 = Release|Any CPU
	EndGlobalSection
	GlobalSection(SolutionProperties) = preSolution
		HideSolutionNode = FALSE
	EndGlobalSection
EndGlobal
